
Microsoft Visual Studio Solution File, Format Version 12.00
# Visual Studio Version 16
VisualStudioVersion = 16.0.33927.289
MinimumVisualStudioVersion = 10.0.40219.1
Project("{FAE04EC0-301F-11D3-BF4B-00C04F79EFBC}") = "tic-tac", "tic-tac\tic-tac.csproj", "{B4A49AF3-6DCB-410A-8F90-291FA3C45954}"
EndProject
Global
	GlobalSection(SolutionConfigurationPlatforms) = preSolution
		Debug|Any CPU = Debug|Any CPU
		Release|Any CPU = Release|Any CPU
	EndGlobalSection
	GlobalSection(ProjectConfigurationPlatforms) = postSolution
		{B4A49AF3-6DCB-410A-8F90-291FA3C45954}.Debug|Any CPU.ActiveCfg = Debug|Any CPU
		{B4A49AF3-6DCB-410A-8F90-291FA3C45954}.Debug|Any CPU.Build.0 = Debug|Any CPU
		{B4A49AF3-6DCB-410A-8F90-291FA3C45954}.Release|Any CPU.ActiveCfg = Release|Any CPU
		{B4A49AF3-6DCB-410A-8F90-291FA3C45954}.Release|Any CPU.Build.0 = Release|Any CPU
	EndGlobalSection
	GlobalSection(SolutionProperties) = preSolution
		HideSolutionNode = FALSE
	EndGlobalSection
	GlobalSection(ExtensibilityGlobals) = postSolution
		SolutionGuid = {97823E22-FBE9-45B5-AEA5-F5221284EF33}
	EndGlobalSection
EndGlobal
